
Microsoft Visual Studio Solution File, Format Version 12.00
# Visual Studio 15
VisualStudioVersion = 15.0.27428.2015
MinimumVisualStudioVersion = 10.0.40219.1
Project("{9A19103F-16F7-4668-BE54-9A1E7A4F7556}") = "Physics", "Misure\Physics.csproj", "{A876BB0A-0145-4038-B801-CC16D10AEFD6}"
EndProject
Project("{FAE04EC0-301F-11D3-BF4B-00C04F79EFBC}") = "Convertitore-CSharp-WinForm", "Convertitore-WinForm\Convertitore-CSharp-WinForm.csproj", "{CCDBB051-1ABC-4DF2-AB50-6FCEAB0FE43A}"
EndProject
Global
	GlobalSection(SolutionConfigurationPlatforms) = preSolution
		Debug|Any CPU = Debug|Any CPU
		Debug|x86 = Debug|x86
		Release|Any CPU = Release|Any CPU
		Release|x86 = Release|x86
	EndGlobalSection
	GlobalSection(ProjectConfigurationPlatforms) = postSolution
		{A876BB0A-0145-4038-B801-CC16D10AEFD6}.Debug|Any CPU.ActiveCfg = Debug|Any CPU
		{A876BB0A-0145-4038-B801-CC16D10AEFD6}.Debug|Any CPU.Build.0 = Debug|Any CPU
		{A876BB0A-0145-4038-B801-CC16D10AEFD6}.Debug|x86.ActiveCfg = Debug|Any CPU
		{A876BB0A-0145-4038-B801-CC16D10AEFD6}.Debug|x86.Build.0 = Debug|Any CPU
		{A876BB0A-0145-4038-B801-CC16D10AEFD6}.Release|Any CPU.ActiveCfg = Release|Any CPU
		{A876BB0A-0145-4038-B801-CC16D10AEFD6}.Release|Any CPU.Build.0 = Release|Any CPU
		{A876BB0A-0145-4038-B801-CC16D10AEFD6}.Release|x86.ActiveCfg = Release|Any CPU
		{A876BB0A-0145-4038-B801-CC16D10AEFD6}.Release|x86.Build.0 = Release|Any CPU
		{CCDBB051-1ABC-4DF2-AB50-6FCEAB0FE43A}.Debug|Any CPU.ActiveCfg = Debug|Any CPU
		{CCDBB051-1ABC-4DF2-AB50-6FCEAB0FE43A}.Debug|Any CPU.Build.0 = Debug|Any CPU
		{CCDBB051-1ABC-4DF2-AB50-6FCEAB0FE43A}.Debug|x86.ActiveCfg = Debug|Any CPU
		{CCDBB051-1ABC-4DF2-AB50-6FCEAB0FE43A}.Debug|x86.Build.0 = Debug|Any CPU
		{CCDBB051-1ABC-4DF2-AB50-6FCEAB0FE43A}.Release|Any CPU.ActiveCfg = Release|Any CPU
		{CCDBB051-1ABC-4DF2-AB50-6FCEAB0FE43A}.Release|Any CPU.Build.0 = Release|Any CPU
		{CCDBB051-1ABC-4DF2-AB50-6FCEAB0FE43A}.Release|x86.ActiveCfg = Release|Any CPU
		{CCDBB051-1ABC-4DF2-AB50-6FCEAB0FE43A}.Release|x86.Build.0 = Release|Any CPU
	EndGlobalSection
	GlobalSection(SolutionProperties) = preSolution
		HideSolutionNode = FALSE
	EndGlobalSection
	GlobalSection(ExtensibilityGlobals) = postSolution
		SolutionGuid = {381842CD-0D54-45AF-8918-8523D438819F}
	EndGlobalSection
EndGlobal
